
Microsoft Visual Studio Solution File, Format Version 11.00
# Visual Studio 2010
Project("{FAE04EC0-301F-11D3-BF4B-00C04F79EFBC}") = "sudokurealm.com", "sudokurealm.com\sudokurealm.com.csproj", "{F4DC7D01-1368-48BF-BA49-706DD28EC130}"
EndProject
Global
	GlobalSection(SolutionConfigurationPlatforms) = preSolution
		Debug|Any CPU = Debug|Any CPU
		Release|Any CPU = Release|Any CPU
	EndGlobalSection
	GlobalSection(ProjectConfigurationPlatforms) = postSolution
		{F4DC7D01-1368-48BF-BA49-706DD28EC130}.Debug|Any CPU.ActiveCfg = Debug|Any CPU
		{F4DC7D01-1368-48BF-BA49-706DD28EC130}.Debug|Any CPU.Build.0 = Debug|Any CPU
		{F4DC7D01-1368-48BF-BA49-706DD28EC130}.Release|Any CPU.ActiveCfg = Release|Any CPU
		{F4DC7D01-1368-48BF-BA49-706DD28EC130}.Release|Any CPU.Build.0 = Release|Any CPU
	EndGlobalSection
	GlobalSection(SolutionProperties) = preSolution
		HideSolutionNode = FALSE
	EndGlobalSection
EndGlobal
